// !$*UTF8*$!
{
	archiveVersion = 1;
	classes = {
	};
	objectVersion = 51;
	objects = {

/* Begin PBXBuildFile section */
		0D53D2A84EA041F74DEC81D6 /* Pods_Parstagram.framework in Frameworks */ = {isa = PBXBuildFile; fileRef = 8B99E25621126F5C1E885DFC /* Pods_Parstagram.framework */; };
		3D5AC31EB4E8E0A9118C65D5 /* Pods_ParstagramTests.framework in Frameworks */ = {isa = PBXBuildFile; fileRef = 8E22940C668548F02C611191 /* Pods_ParstagramTests.framework */; };
		C3658CB7868DEA221C97976E /* Pods_Parstagram_ParstagramUITests.framework in Frameworks */ = {isa = PBXBuildFile; fileRef = D848582CE60148C30A2BD1B7 /* Pods_Parstagram_ParstagramUITests.framework */; };
		DB80844E2424218F00177175 /* LoginViewController.swift in Sources */ = {isa = PBXBuildFile; fileRef = DB80844D2424218F00177175 /* LoginViewController.swift */; };
		DB808450242421B400177175 /* FeedViewController.swift in Sources */ = {isa = PBXBuildFile; fileRef = DB80844F242421B400177175 /* FeedViewController.swift */; };
		DB8084522424350100177175 /* CameraViewController.swift in Sources */ = {isa = PBXBuildFile; fileRef = DB8084512424350100177175 /* CameraViewController.swift */; };
		DB8084542424443C00177175 /* PostCell.swift in Sources */ = {isa = PBXBuildFile; fileRef = DB8084532424443C00177175 /* PostCell.swift */; };
		DB808456242C62A000177175 /* CommentCell.swift in Sources */ = {isa = PBXBuildFile; fileRef = DB808455242C62A000177175 /* CommentCell.swift */; };
		DB8264692423F60A005220DF /* AppDelegate.swift in Sources */ = {isa = PBXBuildFile; fileRef = DB8264682423F60A005220DF /* AppDelegate.swift */; };
		DB82646B2423F60A005220DF /* SceneDelegate.swift in Sources */ = {isa = PBXBuildFile; fileRef = DB82646A2423F60A005220DF /* SceneDelegate.swift */; };
		DB8264702423F60A005220DF /* Main.storyboard in Resources */ = {isa = PBXBuildFile; fileRef = DB82646E2423F60A005220DF /* Main.storyboard */; };
		DB8264722423F610005220DF /* Assets.xcassets in Resources */ = {isa = PBXBuildFile; fileRef = DB8264712423F610005220DF /* Assets.xcassets */; };
		DB8264752423F610005220DF /* LaunchScreen.storyboard in Resources */ = {isa = PBXBuildFile; fileRef = DB8264732423F610005220DF /* LaunchScreen.storyboard */; };
		DB8264802423F610005220DF /* ParstagramTests.swift in Sources */ = {isa = PBXBuildFile; fileRef = DB82647F2423F610005220DF /* ParstagramTests.swift */; };
		DB82648B2423F610005220DF /* ParstagramUITests.swift in Sources */ = {isa = PBXBuildFile; fileRef = DB82648A2423F610005220DF /* ParstagramUITests.swift */; };
/* End PBXBuildFile section */

/* Begin PBXContainerItemProxy section */
		DB82647C2423F610005220DF /* PBXContainerItemProxy */ = {
			isa = PBXContainerItemProxy;
			containerPortal = DB82645D2423F60A005220DF /* Project object */;
			proxyType = 1;
			remoteGlobalIDString = DB8264642423F60A005220DF;
			remoteInfo = Parstagram;
		};
		DB8264872423F610005220DF /* PBXContainerItemProxy */ = {
			isa = PBXContainerItemProxy;
			containerPortal = DB82645D2423F60A005220DF /* Project object */;
			proxyType = 1;
			remoteGlobalIDString = DB8264642423F60A005220DF;
			remoteInfo = Parstagram;
		};
/* End PBXContainerItemProxy section */

/* Begin PBXFileReference section */
		38FD67895ACDF2EDDE976918 /* Pods-Parstagram-ParstagramUITests.debug.xcconfig */ = {isa = PBXFileReference; includeInIndex = 1; lastKnownFileType = text.xcconfig; name = "Pods-Parstagram-ParstagramUITests.debug.xcconfig"; path = "Target Support Files/Pods-Parstagram-ParstagramUITests/Pods-Parstagram-ParstagramUITests.debug.xcconfig"; sourceTree = "<group>"; };
		400E25B3E52E3B6E55F8CA86 /* Pods-Parstagram.debug.xcconfig */ = {isa = PBXFileReference; includeInIndex = 1; lastKnownFileType = text.xcconfig; name = "Pods-Parstagram.debug.xcconfig"; path = "Target Support Files/Pods-Parstagram/Pods-Parstagram.debug.xcconfig"; sourceTree = "<group>"; };
		43D96271AA64DBE0B4A892A4 /* Pods-Parstagram-ParstagramUITests.release.xcconfig */ = {isa = PBXFileReference; includeInIndex = 1; lastKnownFileType = text.xcconfig; name = "Pods-Parstagram-ParstagramUITests.release.xcconfig"; path = "Target Support Files/Pods-Parstagram-ParstagramUITests/Pods-Parstagram-ParstagramUITests.release.xcconfig"; sourceTree = "<group>"; };
		8B99E25621126F5C1E885DFC /* Pods_Parstagram.framework */ = {isa = PBXFileReference; explicitFileType = wrapper.framework; includeInIndex = 0; path = Pods_Parstagram.framework; sourceTree = BUILT_PRODUCTS_DIR; };
		8E22940C668548F02C611191 /* Pods_ParstagramTests.framework */ = {isa = PBXFileReference; explicitFileType = wrapper.framework; includeInIndex = 0; path = Pods_ParstagramTests.framework; sourceTree = BUILT_PRODUCTS_DIR; };
		A998853F48BE8F56AC836E73 /* Pods-ParstagramTests.debug.xcconfig */ = {isa = PBXFileReference; includeInIndex = 1; lastKnownFileType = text.xcconfig; name = "Pods-ParstagramTests.debug.xcconfig"; path = "Target Support Files/Pods-ParstagramTests/Pods-ParstagramTests.debug.xcconfig"; sourceTree = "<group>"; };
		B000CE3710F253C94FE0931C /* Pods-ParstagramTests.release.xcconfig */ = {isa = PBXFileReference; includeInIndex = 1; lastKnownFileType = text.xcconfig; name = "Pods-ParstagramTests.release.xcconfig"; path = "Target Support Files/Pods-ParstagramTests/Pods-ParstagramTests.release.xcconfig"; sourceTree = "<group>"; };
		D848582CE60148C30A2BD1B7 /* Pods_Parstagram_ParstagramUITests.framework */ = {isa = PBXFileReference; explicitFileType = wrapper.framework; includeInIndex = 0; path = Pods_Parstagram_ParstagramUITests.framework; sourceTree = BUILT_PRODUCTS_DIR; };
		DB80844D2424218F00177175 /* LoginViewController.swift */ = {isa = PBXFileReference; lastKnownFileType = sourcecode.swift; path = LoginViewController.swift; sourceTree = "<group>"; };
		DB80844F242421B400177175 /* FeedViewController.swift */ = {isa = PBXFileReference; lastKnownFileType = sourcecode.swift; path = FeedViewController.swift; sourceTree = "<group>"; };
		DB8084512424350100177175 /* CameraViewController.swift */ = {isa = PBXFileReference; lastKnownFileType = sourcecode.swift; path = CameraViewController.swift; sourceTree = "<group>"; };
		DB8084532424443C00177175 /* PostCell.swift */ = {isa = PBXFileReference; lastKnownFileType = sourcecode.swift; path = PostCell.swift; sourceTree = "<group>"; };
		DB808455242C62A000177175 /* CommentCell.swift */ = {isa = PBXFileReference; lastKnownFileType = sourcecode.swift; path = CommentCell.swift; sourceTree = "<group>"; };
		DB8264652423F60A005220DF /* Parstagram.app */ = {isa = PBXFileReference; explicitFileType = wrapper.application; includeInIndex = 0; path = Parstagram.app; sourceTree = BUILT_PRODUCTS_DIR; };
		DB8264682423F60A005220DF /* AppDelegate.swift */ = {isa = PBXFileReference; lastKnownFileType = sourcecode.swift; path = AppDelegate.swift; sourceTree = "<group>"; };
		DB82646A2423F60A005220DF /* SceneDelegate.swift */ = {isa = PBXFileReference; lastKnownFileType = sourcecode.swift; path = SceneDelegate.swift; sourceTree = "<group>"; };
		DB82646F2423F60A005220DF /* Base */ = {isa = PBXFileReference; lastKnownFileType = file.storyboard; name = Base; path = Base.lproj/Main.storyboard; sourceTree = "<group>"; };
		DB8264712423F610005220DF /* Assets.xcassets */ = {isa = PBXFileReference; lastKnownFileType = folder.assetcatalog; path = Assets.xcassets; sourceTree = "<group>"; };
		DB8264742423F610005220DF /* Base */ = {isa = PBXFileReference; lastKnownFileType = file.storyboard; name = Base; path = Base.lproj/LaunchScreen.storyboard; sourceTree = "<group>"; };
		DB8264762423F610005220DF /* Info.plist */ = {isa = PBXFileReference; lastKnownFileType = text.plist.xml; path = Info.plist; sourceTree = "<group>"; };
		DB82647B2423F610005220DF /* ParstagramTests.xctest */ = {isa = PBXFileReference; explicitFileType = wrapper.cfbundle; includeInIndex = 0; path = ParstagramTests.xctest; sourceTree = BUILT_PRODUCTS_DIR; };
		DB82647F2423F610005220DF /* ParstagramTests.swift */ = {isa = PBXFileReference; lastKnownFileType = sourcecode.swift; path = ParstagramTests.swift; sourceTree = "<group>"; };
		DB8264812423F610005220DF /* Info.plist */ = {isa = PBXFileReference; lastKnownFileType = text.plist.xml; path = Info.plist; sourceTree = "<group>"; };
		DB8264862423F610005220DF /* ParstagramUITests.xctest */ = {isa = PBXFileReference; explicitFileType = wrapper.cfbundle; includeInIndex = 0; path = ParstagramUITests.xctest; sourceTree = BUILT_PRODUCTS_DIR; };
		DB82648A2423F610005220DF /* ParstagramUITests.swift */ = {isa = PBXFileReference; lastKnownFileType = sourcecode.swift; path = ParstagramUITests.swift; sourceTree = "<group>"; };
		DB82648C2423F610005220DF /* Info.plist */ = {isa = PBXFileReference; lastKnownFileType = text.plist.xml; path = Info.plist; sourceTree = "<group>"; };
		DBA459DE038C6127E542ED61 /* Pods-Parstagram.release.xcconfig */ = {isa = PBXFileReference; includeInIndex = 1; lastKnownFileType = text.xcconfig; name = "Pods-Parstagram.release.xcconfig"; path = "Target Support Files/Pods-Parstagram/Pods-Parstagram.release.xcconfig"; sourceTree = "<group>"; };
/* End PBXFileReference section */

/* Begin PBXFrameworksBuildPhase section */
		DB8264622423F60A005220DF /* Frameworks */ = {
			isa = PBXFrameworksBuildPhase;
			buildActionMask = 2147483647;
			files = (
				0D53D2A84EA041F74DEC81D6 /* Pods_Parstagram.framework in Frameworks */,
			);
			runOnlyForDeploymentPostprocessing = 0;
		};
		DB8264782423F610005220DF /* Frameworks */ = {
			isa = PBXFrameworksBuildPhase;
			buildActionMask = 2147483647;
			files = (
				3D5AC31EB4E8E0A9118C65D5 /* Pods_ParstagramTests.framework in Frameworks */,
			);
			runOnlyForDeploymentPostprocessing = 0;
		};
		DB8264832423F610005220DF /* Frameworks */ = {
			isa = PBXFrameworksBuildPhase;
			buildActionMask = 2147483647;
			files = (
				C3658CB7868DEA221C97976E /* Pods_Parstagram_ParstagramUITests.framework in Frameworks */,
			);
			runOnlyForDeploymentPostprocessing = 0;
		};
/* End PBXFrameworksBuildPhase section */

/* Begin PBXGroup section */
		2B305F8F47AF6916492E1404 /* Frameworks */ = {
			isa = PBXGroup;
			children = (
				8B99E25621126F5C1E885DFC /* Pods_Parstagram.framework */,
				D848582CE60148C30A2BD1B7 /* Pods_Parstagram_ParstagramUITests.framework */,
				8E22940C668548F02C611191 /* Pods_ParstagramTests.framework */,
			);
			name = Frameworks;
			sourceTree = "<group>";
		};
		7C5E2A39B1510011F0E146BC /* Pods */ = {
			isa = PBXGroup;
			children = (
				400E25B3E52E3B6E55F8CA86 /* Pods-Parstagram.debug.xcconfig */,
				DBA459DE038C6127E542ED61 /* Pods-Parstagram.release.xcconfig */,
				38FD67895ACDF2EDDE976918 /* Pods-Parstagram-ParstagramUITests.debug.xcconfig */,
				43D96271AA64DBE0B4A892A4 /* Pods-Parstagram-ParstagramUITests.release.xcconfig */,
				A998853F48BE8F56AC836E73 /* Pods-ParstagramTests.debug.xcconfig */,
				B000CE3710F253C94FE0931C /* Pods-ParstagramTests.release.xcconfig */,
			);
			path = Pods;
			sourceTree = "<group>";
		};
		DB82645C2423F60A005220DF = {
			isa = PBXGroup;
			children = (
				DB8264672423F60A005220DF /* Parstagram */,
				DB82647E2423F610005220DF /* ParstagramTests */,
				DB8264892423F610005220DF /* ParstagramUITests */,
				DB8264662423F60A005220DF /* Products */,
				7C5E2A39B1510011F0E146BC /* Pods */,
				2B305F8F47AF6916492E1404 /* Frameworks */,
			);
			sourceTree = "<group>";
		};
		DB8264662423F60A005220DF /* Products */ = {
			isa = PBXGroup;
			children = (
				DB8264652423F60A005220DF /* Parstagram.app */,
				DB82647B2423F610005220DF /* ParstagramTests.xctest */,
				DB8264862423F610005220DF /* ParstagramUITests.xctest */,
			);
			name = Products;
			sourceTree = "<group>";
		};
		DB8264672423F60A005220DF /* Parstagram */ = {
			isa = PBXGroup;
			children = (
				DB8264682423F60A005220DF /* AppDelegate.swift */,
				DB82646A2423F60A005220DF /* SceneDelegate.swift */,
				DB82646E2423F60A005220DF /* Main.storyboard */,
				DB8264712423F610005220DF /* Assets.xcassets */,
				DB8264732423F610005220DF /* LaunchScreen.storyboard */,
				DB8264762423F610005220DF /* Info.plist */,
				DB80844D2424218F00177175 /* LoginViewController.swift */,
				DB80844F242421B400177175 /* FeedViewController.swift */,
				DB8084512424350100177175 /* CameraViewController.swift */,
				DB8084532424443C00177175 /* PostCell.swift */,
				DB808455242C62A000177175 /* CommentCell.swift */,
			);
			path = Parstagram;
			sourceTree = "<group>";
		};
		DB82647E2423F610005220DF /* ParstagramTests */ = {
			isa = PBXGroup;
			children = (
				DB82647F2423F610005220DF /* ParstagramTests.swift */,
				DB8264812423F610005220DF /* Info.plist */,
			);
			path = ParstagramTests;
			sourceTree = "<group>";
		};
		DB8264892423F610005220DF /* ParstagramUITests */ = {
			isa = PBXGroup;
			children = (
				DB82648A2423F610005220DF /* ParstagramUITests.swift */,
				DB82648C2423F610005220DF /* Info.plist */,
			);
			path = ParstagramUITests;
			sourceTree = "<group>";
		};
/* End PBXGroup section */

/* Begin PBXNativeTarget section */
		DB8264642423F60A005220DF /* Parstagram */ = {
			isa = PBXNativeTarget;
			buildConfigurationList = DB82648F2423F610005220DF /* Build configuration list for PBXNativeTarget "Parstagram" */;
			buildPhases = (
				C062EBF8B5373AB481A8D81C /* [CP] Check Pods Manifest.lock */,
				DB8264612423F60A005220DF /* Sources */,
				DB8264622423F60A005220DF /* Frameworks */,
				DB8264632423F60A005220DF /* Resources */,
				281A40A5C9C87DCA724F4795 /* [CP] Embed Pods Frameworks */,
			);
			buildRules = (
			);
			dependencies = (
			);
			name = Parstagram;
			productName = Parstagram;
			productReference = DB8264652423F60A005220DF /* Parstagram.app */;
			productType = "com.apple.product-type.application";
		};
		DB82647A2423F610005220DF /* ParstagramTests */ = {
			isa = PBXNativeTarget;
			buildConfigurationList = DB8264922423F610005220DF /* Build configuration list for PBXNativeTarget "ParstagramTests" */;
			buildPhases = (
				8E0E5051E02E65129E4D895E /* [CP] Check Pods Manifest.lock */,
				DB8264772423F610005220DF /* Sources */,
				DB8264782423F610005220DF /* Frameworks */,
				DB8264792423F610005220DF /* Resources */,
			);
			buildRules = (
			);
			dependencies = (
				DB82647D2423F610005220DF /* PBXTargetDependency */,
			);
			name = ParstagramTests;
			productName = ParstagramTests;
			productReference = DB82647B2423F610005220DF /* ParstagramTests.xctest */;
			productType = "com.apple.product-type.bundle.unit-test";
		};
		DB8264852423F610005220DF /* ParstagramUITests */ = {
			isa = PBXNativeTarget;
			buildConfigurationList = DB8264952423F610005220DF /* Build configuration list for PBXNativeTarget "ParstagramUITests" */;
			buildPhases = (
				840874BCF48A74BC20028069 /* [CP] Check Pods Manifest.lock */,
				DB8264822423F610005220DF /* Sources */,
				DB8264832423F610005220DF /* Frameworks */,
				DB8264842423F610005220DF /* Resources */,
				6D8E599185305402A9B9D426 /* [CP] Embed Pods Frameworks */,
			);
			buildRules = (
			);
			dependencies = (
				DB8264882423F610005220DF /* PBXTargetDependency */,
			);
			name = ParstagramUITests;
			productName = ParstagramUITests;
			productReference = DB8264862423F610005220DF /* ParstagramUITests.xctest */;
			productType = "com.apple.product-type.bundle.ui-testing";
		};
/* End PBXNativeTarget section */

/* Begin PBXProject section */
		DB82645D2423F60A005220DF /* Project object */ = {
			isa = PBXProject;
			attributes = {
				LastSwiftUpdateCheck = 1140;
				LastUpgradeCheck = 1140;
				ORGANIZATIONNAME = "Risha Ray";
				TargetAttributes = {
					DB8264642423F60A005220DF = {
						CreatedOnToolsVersion = 11.4;
					};
					DB82647A2423F610005220DF = {
						CreatedOnToolsVersion = 11.4;
						TestTargetID = DB8264642423F60A005220DF;
					};
					DB8264852423F610005220DF = {
						CreatedOnToolsVersion = 11.4;
						TestTargetID = DB8264642423F60A005220DF;
					};
				};
			};
			buildConfigurationList = DB8264602423F60A005220DF /* Build configuration list for PBXProject "Parstagram" */;
			compatibilityVersion = "Xcode 9.3";
			developmentRegion = en;
			hasScannedForEncodings = 0;
			knownRegions = (
				en,
				Base,
			);
			mainGroup = DB82645C2423F60A005220DF;
			productRefGroup = DB8264662423F60A005220DF /* Products */;
			projectDirPath = "";
			projectRoot = "";
			targets = (
				DB8264642423F60A005220DF /* Parstagram */,
				DB82647A2423F610005220DF /* ParstagramTests */,
				DB8264852423F610005220DF /* ParstagramUITests */,
			);
		};
/* End PBXProject section */

/* Begin PBXResourcesBuildPhase section */
		DB8264632423F60A005220DF /* Resources */ = {
			isa = PBXResourcesBuildPhase;
			buildActionMask = 2147483647;
			files = (
				DB8264752423F610005220DF /* LaunchScreen.storyboard in Resources */,
				DB8264722423F610005220DF /* Assets.xcassets in Resources */,
				DB8264702423F60A005220DF /* Main.storyboard in Resources */,
			);
			runOnlyForDeploymentPostprocessing = 0;
		};
		DB8264792423F610005220DF /* Resources */ = {
			isa = PBXResourcesBuildPhase;
			buildActionMask = 2147483647;
			files = (
			);
			runOnlyForDeploymentPostprocessing = 0;
		};
		DB8264842423F610005220DF /* Resources */ = {
			isa = PBXResourcesBuildPhase;
			buildActionMask = 2147483647;
			files = (
			);
			runOnlyForDeploymentPostprocessing = 0;
		};
/* End PBXResourcesBuildPhase section */

/* Begin PBXShellScriptBuildPhase section */
		281A40A5C9C87DCA724F4795 /* [CP] Embed Pods Frameworks */ = {
			isa = PBXShellScriptBuildPhase;
			buildActionMask = 2147483647;
			files = (
			);
			inputFileListPaths = (
				"${PODS_ROOT}/Target Support Files/Pods-Parstagram/Pods-Parstagram-frameworks-${CONFIGURATION}-input-files.xcfilelist",
			);
			name = "[CP] Embed Pods Frameworks";
			outputFileListPaths = (
				"${PODS_ROOT}/Target Support Files/Pods-Parstagram/Pods-Parstagram-frameworks-${CONFIGURATION}-output-files.xcfilelist",
			);
			runOnlyForDeploymentPostprocessing = 0;
			shellPath = /bin/sh;
			shellScript = "\"${PODS_ROOT}/Target Support Files/Pods-Parstagram/Pods-Parstagram-frameworks.sh\"\n";
			showEnvVarsInLog = 0;
		};
		6D8E599185305402A9B9D426 /* [CP] Embed Pods Frameworks */ = {
			isa = PBXShellScriptBuildPhase;
			buildActionMask = 2147483647;
			files = (
			);
			inputFileListPaths = (
				"${PODS_ROOT}/Target Support Files/Pods-Parstagram-ParstagramUITests/Pods-Parstagram-ParstagramUITests-frameworks-${CONFIGURATION}-input-files.xcfilelist",
			);
			name = "[CP] Embed Pods Frameworks";
			outputFileListPaths = (
				"${PODS_ROOT}/Target Support Files/Pods-Parstagram-ParstagramUITests/Pods-Parstagram-ParstagramUITests-frameworks-${CONFIGURATION}-output-files.xcfilelist",
			);
			runOnlyForDeploymentPostprocessing = 0;
			shellPath = /bin/sh;
			shellScript = "\"${PODS_ROOT}/Target Support Files/Pods-Parstagram-ParstagramUITests/Pods-Parstagram-ParstagramUITests-frameworks.sh\"\n";
			showEnvVarsInLog = 0;
		};
		840874BCF48A74BC20028069 /* [CP] Check Pods Manifest.lock */ = {
			isa = PBXShellScriptBuildPhase;
			buildActionMask = 2147483647;
			files = (
			);
			inputFileListPaths = (
			);
			inputPaths = (
				"${PODS_PODFILE_DIR_PATH}/Podfile.lock",
				"${PODS_ROOT}/Manifest.lock",
			);
			name = "[CP] Check Pods Manifest.lock";
			outputFileListPaths = (
			);
			outputPaths = (
				"$(DERIVED_FILE_DIR)/Pods-Parstagram-ParstagramUITests-checkManifestLockResult.txt",
			);
			runOnlyForDeploymentPostprocessing = 0;
			shellPath = /bin/sh;
			shellScript = "diff \"${PODS_PODFILE_DIR_PATH}/Podfile.lock\" \"${PODS_ROOT}/Manifest.lock\" > /dev/null\nif [ $? != 0 ] ; then\n    # print error to STDERR\n    echo \"error: The sandbox is not in sync with the Podfile.lock. Run 'pod install' or update your CocoaPods installation.\" >&2\n    exit 1\nfi\n# This output is used by Xcode 'outputs' to avoid re-running this script phase.\necho \"SUCCESS\" > \"${SCRIPT_OUTPUT_FILE_0}\"\n";
			showEnvVarsInLog = 0;
		};
		8E0E5051E02E65129E4D895E /* [CP] Check Pods Manifest.lock */ = {
			isa = PBXShellScriptBuildPhase;
			buildActionMask = 2147483647;
			files = (
			);
			inputFileListPaths = (
			);
			inputPaths = (
				"${PODS_PODFILE_DIR_PATH}/Podfile.lock",
				"${PODS_ROOT}/Manifest.lock",
			);
			name = "[CP] Check Pods Manifest.lock";
			outputFileListPaths = (
			);
			outputPaths = (
				"$(DERIVED_FILE_DIR)/Pods-ParstagramTests-checkManifestLockResult.txt",
			);
			runOnlyForDeploymentPostprocessing = 0;
			shellPath = /bin/sh;
			shellScript = "diff \"${PODS_PODFILE_DIR_PATH}/Podfile.lock\" \"${PODS_ROOT}/Manifest.lock\" > /dev/null\nif [ $? != 0 ] ; then\n    # print error to STDERR\n    echo \"error: The sandbox is not in sync with the Podfile.lock. Run 'pod install' or update your CocoaPods installation.\" >&2\n    exit 1\nfi\n# This output is used by Xcode 'outputs' to avoid re-running this script phase.\necho \"SUCCESS\" > \"${SCRIPT_OUTPUT_FILE_0}\"\n";
			showEnvVarsInLog = 0;
		};
		C062EBF8B5373AB481A8D81C /* [CP] Check Pods Manifest.lock */ = {
			isa = PBXShellScriptBuildPhase;
			buildActionMask = 2147483647;
			files = (
			);
			inputFileListPaths = (
			);
			inputPaths = (
				"${PODS_PODFILE_DIR_PATH}/Podfile.lock",
				"${PODS_ROOT}/Manifest.lock",
			);
			name = "[CP] Check Pods Manifest.lock";
			outputFileListPaths = (
			);
			outputPaths = (
				"$(DERIVED_FILE_DIR)/Pods-Parstagram-checkManifestLockResult.txt",
			);
			runOnlyForDeploymentPostprocessing = 0;
			shellPath = /bin/sh;
			shellScript = "diff \"${PODS_PODFILE_DIR_PATH}/Podfile.lock\" \"${PODS_ROOT}/Manifest.lock\" > /dev/null\nif [ $? != 0 ] ; then\n    # print error to STDERR\n    echo \"error: The sandbox is not in sync with the Podfile.lock. Run 'pod install' or update your CocoaPods installation.\" >&2\n    exit 1\nfi\n# This output is used by Xcode 'outputs' to avoid re-running this script phase.\necho \"SUCCESS\" > \"${SCRIPT_OUTPUT_FILE_0}\"\n";
			showEnvVarsInLog = 0;
		};
/* End PBXShellScriptBuildPhase section */

/* Begin PBXSourcesBuildPhase section */
		DB8264612423F60A005220DF /* Sources */ = {
			isa = PBXSourcesBuildPhase;
			buildActionMask = 2147483647;
			files = (
				DB80844E2424218F00177175 /* LoginViewController.swift in Sources */,
				DB8084522424350100177175 /* CameraViewController.swift in Sources */,
				DB8264692423F60A005220DF /* AppDelegate.swift in Sources */,
				DB808450242421B400177175 /* FeedViewController.swift in Sources */,
				DB82646B2423F60A005220DF /* SceneDelegate.swift in Sources */,
				DB8084542424443C00177175 /* PostCell.swift in Sources */,
				DB808456242C62A000177175 /* CommentCell.swift in Sources */,
			);
			runOnlyForDeploymentPostprocessing = 0;
		};
		DB8264772423F610005220DF /* Sources */ = {
			isa = PBXSourcesBuildPhase;
			buildActionMask = 2147483647;
			files = (
				DB8264802423F610005220DF /* ParstagramTests.swift in Sources */,
			);
			runOnlyForDeploymentPostprocessing = 0;
		};
		DB8264822423F610005220DF /* Sources */ = {
			isa = PBXSourcesBuildPhase;
			buildActionMask = 2147483647;
			files = (
				DB82648B2423F610005220DF /* ParstagramUITests.swift in Sources */,
			);
			runOnlyForDeploymentPostprocessing = 0;
		};
/* End PBXSourcesBuildPhase section */

/* Begin PBXTargetDependency section */
		DB82647D2423F610005220DF /* PBXTargetDependency */ = {
			isa = PBXTargetDependency;
			target = DB8264642423F60A005220DF /* Parstagram */;
			targetProxy = DB82647C2423F610005220DF /* PBXContainerItemProxy */;
		};
		DB8264882423F610005220DF /* PBXTargetDependency */ = {
			isa = PBXTargetDependency;
			target = DB8264642423F60A005220DF /* Parstagram */;
			targetProxy = DB8264872423F610005220DF /* PBXContainerItemProxy */;
		};
/* End PBXTargetDependency section */

/* Begin PBXVariantGroup section */
		DB82646E2423F60A005220DF /* Main.storyboard */ = {
			isa = PBXVariantGroup;
			children = (
				DB82646F2423F60A005220DF /* Base */,
			);
			name = Main.storyboard;
			sourceTree = "<group>";
		};
		DB8264732423F610005220DF /* LaunchScreen.storyboard */ = {
			isa = PBXVariantGroup;
			children = (
				DB8264742423F610005220DF /* Base */,
			);
			name = LaunchScreen.storyboard;
			sourceTree = "<group>";
		};
/* End PBXVariantGroup section */

/* Begin XCBuildConfiguration section */
		DB82648D2423F610005220DF /* Debug */ = {
			isa = XCBuildConfiguration;
			buildSettings = {
				ALWAYS_SEARCH_USER_PATHS = NO;
				CLANG_ANALYZER_NONNULL = YES;
				CLANG_ANALYZER_NUMBER_OBJECT_CONVERSION = YES_AGGRESSIVE;
				CLANG_CXX_LANGUAGE_STANDARD = "gnu++14";
				CLANG_CXX_LIBRARY = "libc++";
				CLANG_ENABLE_MODULES = YES;
				CLANG_ENABLE_OBJC_ARC = YES;
				CLANG_ENABLE_OBJC_WEAK = YES;
				CLANG_WARN_BLOCK_CAPTURE_AUTORELEASING = YES;
				CLANG_WARN_BOOL_CONVERSION = YES;
				CLANG_WARN_COMMA = YES;
				CLANG_WARN_CONSTANT_CONVERSION = YES;
				CLANG_WARN_DEPRECATED_OBJC_IMPLEMENTATIONS = YES;
				CLANG_WARN_DIRECT_OBJC_ISA_USAGE = YES_ERROR;
				CLANG_WARN_DOCUMENTATION_COMMENTS = YES;
				CLANG_WARN_EMPTY_BODY = YES;
				CLANG_WARN_ENUM_CONVERSION = YES;
				CLANG_WARN_INFINITE_RECURSION = YES;
				CLANG_WARN_INT_CONVERSION = YES;
				CLANG_WARN_NON_LITERAL_NULL_CONVERSION = YES;
				CLANG_WARN_OBJC_IMPLICIT_RETAIN_SELF = YES;
				CLANG_WARN_OBJC_LITERAL_CONVERSION = YES;
				CLANG_WARN_OBJC_ROOT_CLASS = YES_ERROR;
				CLANG_WARN_RANGE_LOOP_ANALYSIS = YES;
				CLANG_WARN_STRICT_PROTOTYPES = YES;
				CLANG_WARN_SUSPICIOUS_MOVE = YES;
				CLANG_WARN_UNGUARDED_AVAILABILITY = YES_AGGRESSIVE;
				CLANG_WARN_UNREACHABLE_CODE = YES;
				CLANG_WARN__DUPLICATE_METHOD_MATCH = YES;
				COPY_PHASE_STRIP = NO;
				DEBUG_INFORMATION_FORMAT = dwarf;
				ENABLE_STRICT_OBJC_MSGSEND = YES;
				ENABLE_TESTABILITY = YES;
				GCC_C_LANGUAGE_STANDARD = gnu11;
				GCC_DYNAMIC_NO_PIC = NO;
				GCC_NO_COMMON_BLOCKS = YES;
				GCC_OPTIMIZATION_LEVEL = 0;
				GCC_PREPROCESSOR_DEFINITIONS = (
					"DEBUG=1",
					"$(inherited)",
				);
				GCC_WARN_64_TO_32_BIT_CONVERSION = YES;
				GCC_WARN_ABOUT_RETURN_TYPE = YES_ERROR;
				GCC_WARN_UNDECLARED_SELECTOR = YES;
				GCC_WARN_UNINITIALIZED_AUTOS = YES_AGGRESSIVE;
				GCC_WARN_UNUSED_FUNCTION = YES;
				GCC_WARN_UNUSED_VARIABLE = YES;
				IPHONEOS_DEPLOYMENT_TARGET = 13.4;
				MTL_ENABLE_DEBUG_INFO = INCLUDE_SOURCE;
				MTL_FAST_MATH = YES;
				ONLY_ACTIVE_ARCH = YES;
				SDKROOT = iphoneos;
				SWIFT_ACTIVE_COMPILATION_CONDITIONS = DEBUG;
				SWIFT_OPTIMIZATION_LEVEL = "-Onone";
			};
			name = Debug;
		};
		DB82648E2423F610005220DF /* Release */ = {
			isa = XCBuildConfiguration;
			buildSettings = {
				ALWAYS_SEARCH_USER_PATHS = NO;
				CLANG_ANALYZER_NONNULL = YES;
				CLANG_ANALYZER_NUMBER_OBJECT_CONVERSION = YES_AGGRESSIVE;
				CLANG_CXX_LANGUAGE_STANDARD = "gnu++14";
				CLANG_CXX_LIBRARY = "libc++";
				CLANG_ENABLE_MODULES = YES;
				CLANG_ENABLE_OBJC_ARC = YES;
				CLANG_ENABLE_OBJC_WEAK = YES;
				CLANG_WARN_BLOCK_CAPTURE_AUTORELEASING = YES;
				CLANG_WARN_BOOL_CONVERSION = YES;
				CLANG_WARN_COMMA = YES;
				CLANG_WARN_CONSTANT_CONVERSION = YES;
				CLANG_WARN_DEPRECATED_OBJC_IMPLEMENTATIONS = YES;
				CLANG_WARN_DIRECT_OBJC_ISA_USAGE = YES_ERROR;
				CLANG_WARN_DOCUMENTATION_COMMENTS = YES;
				CLANG_WARN_EMPTY_BODY = YES;
				CLANG_WARN_ENUM_CONVERSION = YES;
				CLANG_WARN_INFINITE_RECURSION = YES;
				CLANG_WARN_INT_CONVERSION = YES;
				CLANG_WARN_NON_LITERAL_NULL_CONVERSION = YES;
				CLANG_WARN_OBJC_IMPLICIT_RETAIN_SELF = YES;
				CLANG_WARN_OBJC_LITERAL_CONVERSION = YES;
				CLANG_WARN_OBJC_ROOT_CLASS = YES_ERROR;
				CLANG_WARN_RANGE_LOOP_ANALYSIS = YES;
				CLANG_WARN_STRICT_PROTOTYPES = YES;
				CLANG_WARN_SUSPICIOUS_MOVE = YES;
				CLANG_WARN_UNGUARDED_AVAILABILITY = YES_AGGRESSIVE;
				CLANG_WARN_UNREACHABLE_CODE = YES;
				CLANG_WARN__DUPLICATE_METHOD_MATCH = YES;
				COPY_PHASE_STRIP = NO;
				DEBUG_INFORMATION_FORMAT = "dwarf-with-dsym";
				ENABLE_NS_ASSERTIONS = NO;
				ENABLE_STRICT_OBJC_MSGSEND = YES;
				GCC_C_LANGUAGE_STANDARD = gnu11;
				GCC_NO_COMMON_BLOCKS = YES;
				GCC_WARN_64_TO_32_BIT_CONVERSION = YES;
				GCC_WARN_ABOUT_RETURN_TYPE = YES_ERROR;
				GCC_WARN_UNDECLARED_SELECTOR = YES;
				GCC_WARN_UNINITIALIZED_AUTOS = YES_AGGRESSIVE;
				GCC_WARN_UNUSED_FUNCTION = YES;
				GCC_WARN_UNUSED_VARIABLE = YES;
				IPHONEOS_DEPLOYMENT_TARGET = 13.4;
				MTL_ENABLE_DEBUG_INFO = NO;
				MTL_FAST_MATH = YES;
				SDKROOT = iphoneos;
				SWIFT_COMPILATION_MODE = wholemodule;
				SWIFT_OPTIMIZATION_LEVEL = "-O";
				VALIDATE_PRODUCT = YES;
			};
			name = Release;
		};
		DB8264902423F610005220DF /* Debug */ = {
			isa = XCBuildConfiguration;
			baseConfigurationReference = 400E25B3E52E3B6E55F8CA86 /* Pods-Parstagram.debug.xcconfig */;
			buildSettings = {
				ASSETCATALOG_COMPILER_APPICON_NAME = AppIcon;
				CODE_SIGN_STYLE = Automatic;
				INFOPLIST_FILE = Parstagram/Info.plist;
				LD_RUNPATH_SEARCH_PATHS = (
					"$(inherited)",
					"@executable_path/Frameworks",
				);
				PRODUCT_BUNDLE_IDENTIFIER = com.RishaRay.Parstagram;
				PRODUCT_NAME = "$(TARGET_NAME)";
				SWIFT_VERSION = 5.0;
				TARGETED_DEVICE_FAMILY = "1,2";
			};
			name = Debug;
		};
		DB8264912423F610005220DF /* Release */ = {
			isa = XCBuildConfiguration;
			baseConfigurationReference = DBA459DE038C6127E542ED61 /* Pods-Parstagram.release.xcconfig */;
			buildSettings = {
				ASSETCATALOG_COMPILER_APPICON_NAME = AppIcon;
				CODE_SIGN_STYLE = Automatic;
				INFOPLIST_FILE = Parstagram/Info.plist;
				LD_RUNPATH_SEARCH_PATHS = (
					"$(inherited)",
					"@executable_path/Frameworks",
				);
				PRODUCT_BUNDLE_IDENTIFIER = com.RishaRay.Parstagram;
				PRODUCT_NAME = "$(TARGET_NAME)";
				SWIFT_VERSION = 5.0;
				TARGETED_DEVICE_FAMILY = "1,2";
			};
			name = Release;
		};
		DB8264932423F610005220DF /* Debug */ = {
			isa = XCBuildConfiguration;
			baseConfigurationReference = A998853F48BE8F56AC836E73 /* Pods-ParstagramTests.debug.xcconfig */;
			buildSettings = {
				ALWAYS_EMBED_SWIFT_STANDARD_LIBRARIES = YES;
				BUNDLE_LOADER = "$(TEST_HOST)";
				CODE_SIGN_STYLE = Automatic;
				INFOPLIST_FILE = ParstagramTests/Info.plist;
				IPHONEOS_DEPLOYMENT_TARGET = 13.4;
				LD_RUNPATH_SEARCH_PATHS = (
					"$(inherited)",
					"@executable_path/Frameworks",
					"@loader_path/Frameworks",
				);
				PRODUCT_BUNDLE_IDENTIFIER = com.RishaRay.ParstagramTests;
				PRODUCT_NAME = "$(TARGET_NAME)";
				SWIFT_VERSION = 5.0;
				TARGETED_DEVICE_FAMILY = "1,2";
				TEST_HOST = "$(BUILT_PRODUCTS_DIR)/Parstagram.app/Parstagram";
			};
			name = Debug;
		};
		DB8264942423F610005220DF /* Release */ = {
			isa = XCBuildConfiguration;
			baseConfigurationReference = B000CE3710F253C94FE0931C /* Pods-ParstagramTests.release.xcconfig */;
			buildSettings = {
				ALWAYS_EMBED_SWIFT_STANDARD_LIBRARIES = YES;
				BUNDLE_LOADER = "$(TEST_HOST)";
				CODE_SIGN_STYLE = Automatic;
				INFOPLIST_FILE = ParstagramTests/Info.plist;
				IPHONEOS_DEPLOYMENT_TARGET = 13.4;
				LD_RUNPATH_SEARCH_PATHS = (
					"$(inherited)",
					"@executable_path/Frameworks",
					"@loader_path/Frameworks",
				);
				PRODUCT_BUNDLE_IDENTIFIER = com.RishaRay.ParstagramTests;
				PRODUCT_NAME = "$(TARGET_NAME)";
				SWIFT_VERSION = 5.0;
				TARGETED_DEVICE_FAMILY = "1,2";
				TEST_HOST = "$(BUILT_PRODUCTS_DIR)/Parstagram.app/Parstagram";
			};
			name = Release;
		};
		DB8264962423F610005220DF /* Debug */ = {
			isa = XCBuildConfiguration;
			baseConfigurationReference = 38FD67895ACDF2EDDE976918 /* Pods-Parstagram-ParstagramUITests.debug.xcconfig */;
			buildSettings = {
				ALWAYS_EMBED_SWIFT_STANDARD_LIBRARIES = YES;
				CODE_SIGN_STYLE = Automatic;
				INFOPLIST_FILE = ParstagramUITests/Info.plist;
				LD_RUNPATH_SEARCH_PATHS = (
					"$(inherited)",
					"@executable_path/Frameworks",
					"@loader_path/Frameworks",
				);
				PRODUCT_BUNDLE_IDENTIFIER = com.RishaRay.ParstagramUITests;
				PRODUCT_NAME = "$(TARGET_NAME)";
				SWIFT_VERSION = 5.0;
				TARGETED_DEVICE_FAMILY = "1,2";
				TEST_TARGET_NAME = Parstagram;
			};
			name = Debug;
		};
		DB8264972423F610005220DF /* Release */ = {
			isa = XCBuildConfiguration;
			baseConfigurationReference = 43D96271AA64DBE0B4A892A4 /* Pods-Parstagram-ParstagramUITests.release.xcconfig */;
			buildSettings = {
				ALWAYS_EMBED_SWIFT_STANDARD_LIBRARIES = YES;
				CODE_SIGN_STYLE = Automatic;
				INFOPLIST_FILE = ParstagramUITests/Info.plist;
				LD_RUNPATH_SEARCH_PATHS = (
					"$(inherited)",
					"@executable_path/Frameworks",
					"@loader_path/Frameworks",
				);
				PRODUCT_BUNDLE_IDENTIFIER = com.RishaRay.ParstagramUITests;
				PRODUCT_NAME = "$(TARGET_NAME)";
				SWIFT_VERSION = 5.0;
				TARGETED_DEVICE_FAMILY = "1,2";
				TEST_TARGET_NAME = Parstagram;
			};
			name = Release;
		};
/* End XCBuildConfiguration section */

/* Begin XCConfigurationList section */
		DB8264602423F60A005220DF /* Build configuration list for PBXProject "Parstagram" */ = {
			isa = XCConfigurationList;
			buildConfigurations = (
				DB82648D2423F610005220DF /* Debug */,
				DB82648E2423F610005220DF /* Release */,
			);
			defaultConfigurationIsVisible = 0;
			defaultConfigurationName = Release;
		};
		DB82648F2423F610005220DF /* Build configuration list for PBXNativeTarget "Parstagram" */ = {
			isa = XCConfigurationList;
			buildConfigurations = (
				DB8264902423F610005220DF /* Debug */,
				DB8264912423F610005220DF /* Release */,
			);
			defaultConfigurationIsVisible = 0;
			defaultConfigurationName = Release;
		};
		DB8264922423F610005220DF /* Build configuration list for PBXNativeTarget "ParstagramTests" */ = {
			isa = XCConfigurationList;
			buildConfigurations = (
				DB8264932423F610005220DF /* Debug */,
				DB8264942423F610005220DF /* Release */,
			);
			defaultConfigurationIsVisible = 0;
			defaultConfigurationName = Release;
		};
		DB8264952423F610005220DF /* Build configuration list for PBXNativeTarget "ParstagramUITests" */ = {
			isa = XCConfigurationList;
			buildConfigurations = (
				DB8264962423F610005220DF /* Debug */,
				DB8264972423F610005220DF /* Release */,
			);
			defaultConfigurationIsVisible = 0;
			defaultConfigurationName = Release;
		};
/* End XCConfigurationList section */
	};
	rootObject = DB82645D2423F60A005220DF /* Project object */;
}
